
Microsoft Visual Studio Solution File, Format Version 12.00
# Visual Studio Version 17
VisualStudioVersion = 17.4.33122.133
MinimumVisualStudioVersion = 10.0.40219.1
Project("{FAE04EC0-301F-11D3-BF4B-00C04F79EFBC}") = "DWModAssist", "DWModAssist\DWModAssist.csproj", "{784FF371-E49E-426F-B962-188D1E97D2E4}"
EndProject
Global
	GlobalSection(SolutionConfigurationPlatforms) = preSolution
		Debug|Any CPU = Debug|Any CPU
		Release|Any CPU = Release|Any CPU
	EndGlobalSection
	GlobalSection(ProjectConfigurationPlatforms) = postSolution
		{784FF371-E49E-426F-B962-188D1E97D2E4}.Debug|Any CPU.ActiveCfg = Debug|Any CPU
		{784FF371-E49E-426F-B962-188D1E97D2E4}.Debug|Any CPU.Build.0 = Debug|Any CPU
		{784FF371-E49E-426F-B962-188D1E97D2E4}.Release|Any CPU.ActiveCfg = Release|Any CPU
		{784FF371-E49E-426F-B962-188D1E97D2E4}.Release|Any CPU.Build.0 = Release|Any CPU
	EndGlobalSection
	GlobalSection(SolutionProperties) = preSolution
		HideSolutionNode = FALSE
	EndGlobalSection
	GlobalSection(ExtensibilityGlobals) = postSolution
		SolutionGuid = {5538B9E5-E6D5-42A3-9121-428090B6E620}
	EndGlobalSection
EndGlobal
